
Microsoft Visual Studio Solution File, Format Version 12.00
# Visual Studio Version 17
VisualStudioVersion = 17.1.32210.238
MinimumVisualStudioVersion = 10.0.40219.1
Project("{8BC9CEB8-8B4A-11D0-8D11-00A0C91BC942}") = "LaunchTree", "src\LaunchTree\LaunchTree.vcxproj", "{D35837C5-D070-41E4-9671-0884454B8B44}"
EndProject
Project("{2150E333-8FDC-42A3-9474-1A3956D46DE8}") = "Solution Items", "Solution Items", "{CBD8D4A8-CCCE-41B4-A4B5-678F2651865F}"
	ProjectSection(SolutionItems) = preProject
		README.md = README.md
		src\Solution.props = src\Solution.props
	EndProjectSection
EndProject
Project("{C7167F0D-BC9F-4E6E-AFE1-012C56B48DB5}") = "Packaging", "src\Packaging\Packaging.wapproj", "{CFAB1A23-628C-4FB4-8A8A-CED1612271FC}"
EndProject
Global
	GlobalSection(SolutionConfigurationPlatforms) = preSolution
		Debug|Any CPU = Debug|Any CPU
		Debug|ARM = Debug|ARM
		Debug|ARM64 = Debug|ARM64
		Debug|x64 = Debug|x64
		Debug|x86 = Debug|x86
		Release|Any CPU = Release|Any CPU
		Release|ARM = Release|ARM
		Release|ARM64 = Release|ARM64
		Release|x64 = Release|x64
		Release|x86 = Release|x86
	EndGlobalSection
	GlobalSection(ProjectConfigurationPlatforms) = postSolution
		{D35837C5-D070-41E4-9671-0884454B8B44}.Debug|Any CPU.ActiveCfg = Debug|x64
		{D35837C5-D070-41E4-9671-0884454B8B44}.Debug|Any CPU.Build.0 = Debug|x64
		{D35837C5-D070-41E4-9671-0884454B8B44}.Debug|ARM.ActiveCfg = Debug|x64
		{D35837C5-D070-41E4-9671-0884454B8B44}.Debug|ARM.Build.0 = Debug|x64
		{D35837C5-D070-41E4-9671-0884454B8B44}.Debug|ARM64.ActiveCfg = Debug|x64
		{D35837C5-D070-41E4-9671-0884454B8B44}.Debug|ARM64.Build.0 = Debug|x64
		{D35837C5-D070-41E4-9671-0884454B8B44}.Debug|x64.ActiveCfg = Debug|x64
		{D35837C5-D070-41E4-9671-0884454B8B44}.Debug|x64.Build.0 = Debug|x64
		{D35837C5-D070-41E4-9671-0884454B8B44}.Debug|x86.ActiveCfg = Debug|x64
		{D35837C5-D070-41E4-9671-0884454B8B44}.Debug|x86.Build.0 = Debug|x64
		{D35837C5-D070-41E4-9671-0884454B8B44}.Release|Any CPU.ActiveCfg = Release|x64
		{D35837C5-D070-41E4-9671-0884454B8B44}.Release|Any CPU.Build.0 = Release|x64
		{D35837C5-D070-41E4-9671-0884454B8B44}.Release|ARM.ActiveCfg = Release|x64
		{D35837C5-D070-41E4-9671-0884454B8B44}.Release|ARM.Build.0 = Release|x64
		{D35837C5-D070-41E4-9671-0884454B8B44}.Release|ARM64.ActiveCfg = Release|ARM64
		{D35837C5-D070-41E4-9671-0884454B8B44}.Release|ARM64.Build.0 = Release|ARM64
		{D35837C5-D070-41E4-9671-0884454B8B44}.Release|x64.ActiveCfg = Release|x64
		{D35837C5-D070-41E4-9671-0884454B8B44}.Release|x64.Build.0 = Release|x64
		{D35837C5-D070-41E4-9671-0884454B8B44}.Release|x86.ActiveCfg = Release|x64
		{D35837C5-D070-41E4-9671-0884454B8B44}.Release|x86.Build.0 = Release|x64
		{CFAB1A23-628C-4FB4-8A8A-CED1612271FC}.Debug|Any CPU.ActiveCfg = Debug|Any CPU
		{CFAB1A23-628C-4FB4-8A8A-CED1612271FC}.Debug|Any CPU.Build.0 = Debug|Any CPU
		{CFAB1A23-628C-4FB4-8A8A-CED1612271FC}.Debug|Any CPU.Deploy.0 = Debug|Any CPU
		{CFAB1A23-628C-4FB4-8A8A-CED1612271FC}.Debug|ARM.ActiveCfg = Debug|ARM
		{CFAB1A23-628C-4FB4-8A8A-CED1612271FC}.Debug|ARM.Build.0 = Debug|ARM
		{CFAB1A23-628C-4FB4-8A8A-CED1612271FC}.Debug|ARM.Deploy.0 = Debug|ARM
		{CFAB1A23-628C-4FB4-8A8A-CED1612271FC}.Debug|ARM64.ActiveCfg = Debug|ARM64
		{CFAB1A23-628C-4FB4-8A8A-CED1612271FC}.Debug|ARM64.Build.0 = Debug|ARM64
		{CFAB1A23-628C-4FB4-8A8A-CED1612271FC}.Debug|ARM64.Deploy.0 = Debug|ARM64
		{CFAB1A23-628C-4FB4-8A8A-CED1612271FC}.Debug|x64.ActiveCfg = Debug|x64
		{CFAB1A23-628C-4FB4-8A8A-CED1612271FC}.Debug|x64.Build.0 = Debug|x64
		{CFAB1A23-628C-4FB4-8A8A-CED1612271FC}.Debug|x64.Deploy.0 = Debug|x64
		{CFAB1A23-628C-4FB4-8A8A-CED1612271FC}.Debug|x86.ActiveCfg = Debug|x86
		{CFAB1A23-628C-4FB4-8A8A-CED1612271FC}.Debug|x86.Build.0 = Debug|x86
		{CFAB1A23-628C-4FB4-8A8A-CED1612271FC}.Debug|x86.Deploy.0 = Debug|x86
		{CFAB1A23-628C-4FB4-8A8A-CED1612271FC}.Release|Any CPU.ActiveCfg = Release|Any CPU
		{CFAB1A23-628C-4FB4-8A8A-CED1612271FC}.Release|Any CPU.Build.0 = Release|Any CPU
		{CFAB1A23-628C-4FB4-8A8A-CED1612271FC}.Release|Any CPU.Deploy.0 = Release|Any CPU
		{CFAB1A23-628C-4FB4-8A8A-CED1612271FC}.Release|ARM.ActiveCfg = Release|ARM
		{CFAB1A23-628C-4FB4-8A8A-CED1612271FC}.Release|ARM.Build.0 = Release|ARM
		{CFAB1A23-628C-4FB4-8A8A-CED1612271FC}.Release|ARM.Deploy.0 = Release|ARM
		{CFAB1A23-628C-4FB4-8A8A-CED1612271FC}.Release|ARM64.ActiveCfg = Release|ARM64
		{CFAB1A23-628C-4FB4-8A8A-CED1612271FC}.Release|ARM64.Build.0 = Release|ARM64
		{CFAB1A23-628C-4FB4-8A8A-CED1612271FC}.Release|ARM64.Deploy.0 = Release|ARM64
		{CFAB1A23-628C-4FB4-8A8A-CED1612271FC}.Release|x64.ActiveCfg = Release|x64
		{CFAB1A23-628C-4FB4-8A8A-CED1612271FC}.Release|x64.Build.0 = Release|x64
		{CFAB1A23-628C-4FB4-8A8A-CED1612271FC}.Release|x64.Deploy.0 = Release|x64
		{CFAB1A23-628C-4FB4-8A8A-CED1612271FC}.Release|x86.ActiveCfg = Release|x86
		{CFAB1A23-628C-4FB4-8A8A-CED1612271FC}.Release|x86.Build.0 = Release|x86
		{CFAB1A23-628C-4FB4-8A8A-CED1612271FC}.Release|x86.Deploy.0 = Release|x86
	EndGlobalSection
	GlobalSection(SolutionProperties) = preSolution
		HideSolutionNode = FALSE
	EndGlobalSection
	GlobalSection(ExtensibilityGlobals) = postSolution
		SolutionGuid = {5AC098F3-454B-4D94-AA59-C04D429ABCEB}
	EndGlobalSection
EndGlobal
